
Microsoft Visual Studio Solution File, Format Version 12.00
# Visual Studio Version 17
VisualStudioVersion = 17.9.34622.214
MinimumVisualStudioVersion = 10.0.40219.1
Project("{9A19103F-16F7-4668-BE54-9A1E7A4F7556}") = "CapaDatos", "CapaDatos\CapaDatos.csproj", "{A3203ECF-0189-4F54-A1AE-AFAB03E68481}"
EndProject
Project("{9A19103F-16F7-4668-BE54-9A1E7A4F7556}") = "CapaNegocio", "CapaNegocio\CapaNegocio.csproj", "{0CADF76F-CC90-4BFF-81BD-493C91332F8A}"
EndProject
Global
	GlobalSection(SolutionConfigurationPlatforms) = preSolution
		Debug|Any CPU = Debug|Any CPU
		Release|Any CPU = Release|Any CPU
	EndGlobalSection
	GlobalSection(ProjectConfigurationPlatforms) = postSolution
		{A3203ECF-0189-4F54-A1AE-AFAB03E68481}.Debug|Any CPU.ActiveCfg = Debug|Any CPU
		{A3203ECF-0189-4F54-A1AE-AFAB03E68481}.Debug|Any CPU.Build.0 = Debug|Any CPU
		{A3203ECF-0189-4F54-A1AE-AFAB03E68481}.Release|Any CPU.ActiveCfg = Release|Any CPU
		{A3203ECF-0189-4F54-A1AE-AFAB03E68481}.Release|Any CPU.Build.0 = Release|Any CPU
		{0CADF76F-CC90-4BFF-81BD-493C91332F8A}.Debug|Any CPU.ActiveCfg = Debug|Any CPU
		{0CADF76F-CC90-4BFF-81BD-493C91332F8A}.Debug|Any CPU.Build.0 = Debug|Any CPU
		{0CADF76F-CC90-4BFF-81BD-493C91332F8A}.Release|Any CPU.ActiveCfg = Release|Any CPU
		{0CADF76F-CC90-4BFF-81BD-493C91332F8A}.Release|Any CPU.Build.0 = Release|Any CPU
	EndGlobalSection
	GlobalSection(SolutionProperties) = preSolution
		HideSolutionNode = FALSE
	EndGlobalSection
	GlobalSection(ExtensibilityGlobals) = postSolution
		SolutionGuid = {907A4FD3-7969-4A66-B2A1-0D34C5BC77A1}
	EndGlobalSection
EndGlobal
